// !$*UTF8*$!
{
	archiveVersion = 1;
	classes = {
	};
	objectVersion = 46;
	objects = {

/* Begin PBXBuildFile section */
		A66ED2EA1D8E7773003105FC /* AppDelegate.swift in Sources */ = {isa = PBXBuildFile; fileRef = A66ED2E91D8E7773003105FC /* AppDelegate.swift */; };
		A66ED2EC1D8E7773003105FC /* ViewController.swift in Sources */ = {isa = PBXBuildFile; fileRef = A66ED2EB1D8E7773003105FC /* ViewController.swift */; };
		A66ED2EF1D8E7773003105FC /* Main.storyboard in Resources */ = {isa = PBXBuildFile; fileRef = A66ED2ED1D8E7773003105FC /* Main.storyboard */; };
		A66ED2F11D8E7773003105FC /* Assets.xcassets in Resources */ = {isa = PBXBuildFile; fileRef = A66ED2F01D8E7773003105FC /* Assets.xcassets */; };
		A66ED2F41D8E7773003105FC /* LaunchScreen.storyboard in Resources */ = {isa = PBXBuildFile; fileRef = A66ED2F21D8E7773003105FC /* LaunchScreen.storyboard */; };
		A66ED2FF1D8E7773003105FC /* swift_ownerTests.swift in Sources */ = {isa = PBXBuildFile; fileRef = A66ED2FE1D8E7773003105FC /* swift_ownerTests.swift */; };
		A66ED30A1D8E7773003105FC /* swift_ownerUITests.swift in Sources */ = {isa = PBXBuildFile; fileRef = A66ED3091D8E7773003105FC /* swift_ownerUITests.swift */; };
		A66ED3331D8E7C57003105FC /* extensions.swift in Sources */ = {isa = PBXBuildFile; fileRef = A66ED3321D8E7C57003105FC /* extensions.swift */; };
		A66ED3361D8E8332003105FC /* GlobalVariables.swift in Sources */ = {isa = PBXBuildFile; fileRef = A66ED3351D8E8332003105FC /* GlobalVariables.swift */; };
		A6A3EFD31D8E9E0A0062E586 /* UIViewExtension.swift in Sources */ = {isa = PBXBuildFile; fileRef = A6A3EFD21D8E9E0A0062E586 /* UIViewExtension.swift */; };
		A6A3EFD51D8E9ED00062E586 /* UIImageExtension.swift in Sources */ = {isa = PBXBuildFile; fileRef = A6A3EFD41D8E9ED00062E586 /* UIImageExtension.swift */; };
/* End PBXBuildFile section */

/* Begin PBXContainerItemProxy section */
		A66ED2FB1D8E7773003105FC /* PBXContainerItemProxy */ = {
			isa = PBXContainerItemProxy;
			containerPortal = A66ED2DE1D8E7773003105FC /* Project object */;
			proxyType = 1;
			remoteGlobalIDString = A66ED2E51D8E7773003105FC;
			remoteInfo = "swift-owner";
		};
		A66ED3061D8E7773003105FC /* PBXContainerItemProxy */ = {
			isa = PBXContainerItemProxy;
			containerPortal = A66ED2DE1D8E7773003105FC /* Project object */;
			proxyType = 1;
			remoteGlobalIDString = A66ED2E51D8E7773003105FC;
			remoteInfo = "swift-owner";
		};
/* End PBXContainerItemProxy section */

/* Begin PBXFileReference section */
		A66ED2E61D8E7773003105FC /* swift-owner.app */ = {isa = PBXFileReference; explicitFileType = wrapper.application; includeInIndex = 0; path = "swift-owner.app"; sourceTree = BUILT_PRODUCTS_DIR; };
		A66ED2E91D8E7773003105FC /* AppDelegate.swift */ = {isa = PBXFileReference; lastKnownFileType = sourcecode.swift; path = AppDelegate.swift; sourceTree = "<group>"; };
		A66ED2EB1D8E7773003105FC /* ViewController.swift */ = {isa = PBXFileReference; lastKnownFileType = sourcecode.swift; path = ViewController.swift; sourceTree = "<group>"; };
		A66ED2EE1D8E7773003105FC /* Base */ = {isa = PBXFileReference; lastKnownFileType = file.storyboard; name = Base; path = Base.lproj/Main.storyboard; sourceTree = "<group>"; };
		A66ED2F01D8E7773003105FC /* Assets.xcassets */ = {isa = PBXFileReference; lastKnownFileType = folder.assetcatalog; path = Assets.xcassets; sourceTree = "<group>"; };
		A66ED2F31D8E7773003105FC /* Base */ = {isa = PBXFileReference; lastKnownFileType = file.storyboard; name = Base; path = Base.lproj/LaunchScreen.storyboard; sourceTree = "<group>"; };
		A66ED2F51D8E7773003105FC /* Info.plist */ = {isa = PBXFileReference; lastKnownFileType = text.plist.xml; path = Info.plist; sourceTree = "<group>"; };
		A66ED2FA1D8E7773003105FC /* swift-ownerTests.xctest */ = {isa = PBXFileReference; explicitFileType = wrapper.cfbundle; includeInIndex = 0; path = "swift-ownerTests.xctest"; sourceTree = BUILT_PRODUCTS_DIR; };
		A66ED2FE1D8E7773003105FC /* swift_ownerTests.swift */ = {isa = PBXFileReference; lastKnownFileType = sourcecode.swift; path = swift_ownerTests.swift; sourceTree = "<group>"; };
		A66ED3001D8E7773003105FC /* Info.plist */ = {isa = PBXFileReference; lastKnownFileType = text.plist.xml; path = Info.plist; sourceTree = "<group>"; };
		A66ED3051D8E7773003105FC /* swift-ownerUITests.xctest */ = {isa = PBXFileReference; explicitFileType = wrapper.cfbundle; includeInIndex = 0; path = "swift-ownerUITests.xctest"; sourceTree = BUILT_PRODUCTS_DIR; };
		A66ED3091D8E7773003105FC /* swift_ownerUITests.swift */ = {isa = PBXFileReference; lastKnownFileType = sourcecode.swift; path = swift_ownerUITests.swift; sourceTree = "<group>"; };
		A66ED30B1D8E7773003105FC /* Info.plist */ = {isa = PBXFileReference; lastKnownFileType = text.plist.xml; path = Info.plist; sourceTree = "<group>"; };
		A66ED3321D8E7C57003105FC /* extensions.swift */ = {isa = PBXFileReference; fileEncoding = 4; lastKnownFileType = sourcecode.swift; path = extensions.swift; sourceTree = "<group>"; };
		A66ED3351D8E8332003105FC /* GlobalVariables.swift */ = {isa = PBXFileReference; fileEncoding = 4; lastKnownFileType = sourcecode.swift; path = GlobalVariables.swift; sourceTree = "<group>"; };
		A6A3EFD21D8E9E0A0062E586 /* UIViewExtension.swift */ = {isa = PBXFileReference; fileEncoding = 4; lastKnownFileType = sourcecode.swift; path = UIViewExtension.swift; sourceTree = "<group>"; };
		A6A3EFD41D8E9ED00062E586 /* UIImageExtension.swift */ = {isa = PBXFileReference; fileEncoding = 4; lastKnownFileType = sourcecode.swift; path = UIImageExtension.swift; sourceTree = "<group>"; };
/* End PBXFileReference section */

/* Begin PBXFrameworksBuildPhase section */
		A66ED2E31D8E7773003105FC /* Frameworks */ = {
			isa = PBXFrameworksBuildPhase;
			buildActionMask = 2147483647;
			files = (
			);
			runOnlyForDeploymentPostprocessing = 0;
		};
		A66ED2F71D8E7773003105FC /* Frameworks */ = {
			isa = PBXFrameworksBuildPhase;
			buildActionMask = 2147483647;
			files = (
			);
			runOnlyForDeploymentPostprocessing = 0;
		};
		A66ED3021D8E7773003105FC /* Frameworks */ = {
			isa = PBXFrameworksBuildPhase;
			buildActionMask = 2147483647;
			files = (
			);
			runOnlyForDeploymentPostprocessing = 0;
		};
/* End PBXFrameworksBuildPhase section */

/* Begin PBXGroup section */
		A66ED2DD1D8E7773003105FC = {
			isa = PBXGroup;
			children = (
				A66ED2E81D8E7773003105FC /* swift-owner */,
				A66ED2FD1D8E7773003105FC /* swift-ownerTests */,
				A66ED3081D8E7773003105FC /* swift-ownerUITests */,
				A66ED2E71D8E7773003105FC /* Products */,
			);
			sourceTree = "<group>";
		};
		A66ED2E71D8E7773003105FC /* Products */ = {
			isa = PBXGroup;
			children = (
				A66ED2E61D8E7773003105FC /* swift-owner.app */,
				A66ED2FA1D8E7773003105FC /* swift-ownerTests.xctest */,
				A66ED3051D8E7773003105FC /* swift-ownerUITests.xctest */,
			);
			name = Products;
			sourceTree = "<group>";
		};
		A66ED2E81D8E7773003105FC /* swift-owner */ = {
			isa = PBXGroup;
			children = (
				A66ED2E91D8E7773003105FC /* AppDelegate.swift */,
				A66ED2EB1D8E7773003105FC /* ViewController.swift */,
				A66ED3341D8E830F003105FC /* Utiles */,
				A66ED3311D8E7C10003105FC /* Extensions */,
				A66ED2ED1D8E7773003105FC /* Main.storyboard */,
				A66ED2F01D8E7773003105FC /* Assets.xcassets */,
				A66ED2F21D8E7773003105FC /* LaunchScreen.storyboard */,
				A66ED2F51D8E7773003105FC /* Info.plist */,
			);
			path = "swift-owner";
			sourceTree = "<group>";
		};
		A66ED2FD1D8E7773003105FC /* swift-ownerTests */ = {
			isa = PBXGroup;
			children = (
				A66ED2FE1D8E7773003105FC /* swift_ownerTests.swift */,
				A66ED3001D8E7773003105FC /* Info.plist */,
			);
			path = "swift-ownerTests";
			sourceTree = "<group>";
		};
		A66ED3081D8E7773003105FC /* swift-ownerUITests */ = {
			isa = PBXGroup;
			children = (
				A66ED3091D8E7773003105FC /* swift_ownerUITests.swift */,
				A66ED30B1D8E7773003105FC /* Info.plist */,
			);
			path = "swift-ownerUITests";
			sourceTree = "<group>";
		};
		A66ED3311D8E7C10003105FC /* Extensions */ = {
			isa = PBXGroup;
			children = (
				A66ED3321D8E7C57003105FC /* extensions.swift */,
				A6A3EFD21D8E9E0A0062E586 /* UIViewExtension.swift */,
				A6A3EFD41D8E9ED00062E586 /* UIImageExtension.swift */,
			);
			path = Extensions;
			sourceTree = "<group>";
		};
		A66ED3341D8E830F003105FC /* Utiles */ = {
			isa = PBXGroup;
			children = (
				A66ED3351D8E8332003105FC /* GlobalVariables.swift */,
			);
			path = Utiles;
			sourceTree = "<group>";
		};
/* End PBXGroup section */

/* Begin PBXNativeTarget section */
		A66ED2E51D8E7773003105FC /* swift-owner */ = {
			isa = PBXNativeTarget;
			buildConfigurationList = A66ED30E1D8E7773003105FC /* Build configuration list for PBXNativeTarget "swift-owner" */;
			buildPhases = (
				A66ED2E21D8E7773003105FC /* Sources */,
				A66ED2E31D8E7773003105FC /* Frameworks */,
				A66ED2E41D8E7773003105FC /* Resources */,
			);
			buildRules = (
			);
			dependencies = (
			);
			name = "swift-owner";
			productName = "swift-owner";
			productReference = A66ED2E61D8E7773003105FC /* swift-owner.app */;
			productType = "com.apple.product-type.application";
		};
		A66ED2F91D8E7773003105FC /* swift-ownerTests */ = {
			isa = PBXNativeTarget;
			buildConfigurationList = A66ED3111D8E7773003105FC /* Build configuration list for PBXNativeTarget "swift-ownerTests" */;
			buildPhases = (
				A66ED2F61D8E7773003105FC /* Sources */,
				A66ED2F71D8E7773003105FC /* Frameworks */,
				A66ED2F81D8E7773003105FC /* Resources */,
			);
			buildRules = (
			);
			dependencies = (
				A66ED2FC1D8E7773003105FC /* PBXTargetDependency */,
			);
			name = "swift-ownerTests";
			productName = "swift-ownerTests";
			productReference = A66ED2FA1D8E7773003105FC /* swift-ownerTests.xctest */;
			productType = "com.apple.product-type.bundle.unit-test";
		};
		A66ED3041D8E7773003105FC /* swift-ownerUITests */ = {
			isa = PBXNativeTarget;
			buildConfigurationList = A66ED3141D8E7773003105FC /* Build configuration list for PBXNativeTarget "swift-ownerUITests" */;
			buildPhases = (
				A66ED3011D8E7773003105FC /* Sources */,
				A66ED3021D8E7773003105FC /* Frameworks */,
				A66ED3031D8E7773003105FC /* Resources */,
			);
			buildRules = (
			);
			dependencies = (
				A66ED3071D8E7773003105FC /* PBXTargetDependency */,
			);
			name = "swift-ownerUITests";
			productName = "swift-ownerUITests";
			productReference = A66ED3051D8E7773003105FC /* swift-ownerUITests.xctest */;
			productType = "com.apple.product-type.bundle.ui-testing";
		};
/* End PBXNativeTarget section */

/* Begin PBXProject section */
		A66ED2DE1D8E7773003105FC /* Project object */ = {
			isa = PBXProject;
			attributes = {
				LastSwiftUpdateCheck = 0800;
				LastUpgradeCheck = 0800;
				ORGANIZATIONNAME = sen;
				TargetAttributes = {
					A66ED2E51D8E7773003105FC = {
						CreatedOnToolsVersion = 8.0;
						DevelopmentTeam = 3ZG7RQH8M7;
						ProvisioningStyle = Automatic;
					};
					A66ED2F91D8E7773003105FC = {
						CreatedOnToolsVersion = 8.0;
						ProvisioningStyle = Automatic;
						TestTargetID = A66ED2E51D8E7773003105FC;
					};
					A66ED3041D8E7773003105FC = {
						CreatedOnToolsVersion = 8.0;
						ProvisioningStyle = Automatic;
						TestTargetID = A66ED2E51D8E7773003105FC;
					};
				};
			};
			buildConfigurationList = A66ED2E11D8E7773003105FC /* Build configuration list for PBXProject "swift-owner" */;
			compatibilityVersion = "Xcode 3.2";
			developmentRegion = English;
			hasScannedForEncodings = 0;
			knownRegions = (
				en,
				Base,
			);
			mainGroup = A66ED2DD1D8E7773003105FC;
			productRefGroup = A66ED2E71D8E7773003105FC /* Products */;
			projectDirPath = "";
			projectRoot = "";
			targets = (
				A66ED2E51D8E7773003105FC /* swift-owner */,
				A66ED2F91D8E7773003105FC /* swift-ownerTests */,
				A66ED3041D8E7773003105FC /* swift-ownerUITests */,
			);
		};
/* End PBXProject section */

/* Begin PBXResourcesBuildPhase section */
		A66ED2E41D8E7773003105FC /* Resources */ = {
			isa = PBXResourcesBuildPhase;
			buildActionMask = 2147483647;
			files = (
				A66ED2F41D8E7773003105FC /* LaunchScreen.storyboard in Resources */,
				A66ED2F11D8E7773003105FC /* Assets.xcassets in Resources */,
				A66ED2EF1D8E7773003105FC /* Main.storyboard in Resources */,
			);
			runOnlyForDeploymentPostprocessing = 0;
		};
		A66ED2F81D8E7773003105FC /* Resources */ = {
			isa = PBXResourcesBuildPhase;
			buildActionMask = 2147483647;
			files = (
			);
			runOnlyForDeploymentPostprocessing = 0;
		};
		A66ED3031D8E7773003105FC /* Resources */ = {
			isa = PBXResourcesBuildPhase;
			buildActionMask = 2147483647;
			files = (
			);
			runOnlyForDeploymentPostprocessing = 0;
		};
/* End PBXResourcesBuildPhase section */

/* Begin PBXSourcesBuildPhase section */
		A66ED2E21D8E7773003105FC /* Sources */ = {
			isa = PBXSourcesBuildPhase;
			buildActionMask = 2147483647;
			files = (
				A6A3EFD31D8E9E0A0062E586 /* UIViewExtension.swift in Sources */,
				A66ED2EC1D8E7773003105FC /* ViewController.swift in Sources */,
				A66ED2EA1D8E7773003105FC /* AppDelegate.swift in Sources */,
				A66ED3361D8E8332003105FC /* GlobalVariables.swift in Sources */,
				A66ED3331D8E7C57003105FC /* extensions.swift in Sources */,
				A6A3EFD51D8E9ED00062E586 /* UIImageExtension.swift in Sources */,
			);
			runOnlyForDeploymentPostprocessing = 0;
		};
		A66ED2F61D8E7773003105FC /* Sources */ = {
			isa = PBXSourcesBuildPhase;
			buildActionMask = 2147483647;
			files = (
				A66ED2FF1D8E7773003105FC /* swift_ownerTests.swift in Sources */,
			);
			runOnlyForDeploymentPostprocessing = 0;
		};
		A66ED3011D8E7773003105FC /* Sources */ = {
			isa = PBXSourcesBuildPhase;
			buildActionMask = 2147483647;
			files = (
				A66ED30A1D8E7773003105FC /* swift_ownerUITests.swift in Sources */,
			);
			runOnlyForDeploymentPostprocessing = 0;
		};
/* End PBXSourcesBuildPhase section */

/* Begin PBXTargetDependency section */
		A66ED2FC1D8E7773003105FC /* PBXTargetDependency */ = {
			isa = PBXTargetDependency;
			target = A66ED2E51D8E7773003105FC /* swift-owner */;
			targetProxy = A66ED2FB1D8E7773003105FC /* PBXContainerItemProxy */;
		};
		A66ED3071D8E7773003105FC /* PBXTargetDependency */ = {
			isa = PBXTargetDependency;
			target = A66ED2E51D8E7773003105FC /* swift-owner */;
			targetProxy = A66ED3061D8E7773003105FC /* PBXContainerItemProxy */;
		};
/* End PBXTargetDependency section */

/* Begin PBXVariantGroup section */
		A66ED2ED1D8E7773003105FC /* Main.storyboard */ = {
			isa = PBXVariantGroup;
			children = (
				A66ED2EE1D8E7773003105FC /* Base */,
			);
			name = Main.storyboard;
			sourceTree = "<group>";
		};
		A66ED2F21D8E7773003105FC /* LaunchScreen.storyboard */ = {
			isa = PBXVariantGroup;
			children = (
				A66ED2F31D8E7773003105FC /* Base */,
			);
			name = LaunchScreen.storyboard;
			sourceTree = "<group>";
		};
/* End PBXVariantGroup section */

/* Begin XCBuildConfiguration section */
		A66ED30C1D8E7773003105FC /* Debug */ = {
			isa = XCBuildConfiguration;
			buildSettings = {
				ALWAYS_SEARCH_USER_PATHS = NO;
				CLANG_ANALYZER_NONNULL = YES;
				CLANG_CXX_LANGUAGE_STANDARD = "gnu++0x";
				CLANG_CXX_LIBRARY = "libc++";
				CLANG_ENABLE_MODULES = YES;
				CLANG_ENABLE_OBJC_ARC = YES;
				CLANG_WARN_BOOL_CONVERSION = YES;
				CLANG_WARN_CONSTANT_CONVERSION = YES;
				CLANG_WARN_DIRECT_OBJC_ISA_USAGE = YES_ERROR;
				CLANG_WARN_DOCUMENTATION_COMMENTS = YES;
				CLANG_WARN_EMPTY_BODY = YES;
				CLANG_WARN_ENUM_CONVERSION = YES;
				CLANG_WARN_INFINITE_RECURSION = YES;
				CLANG_WARN_INT_CONVERSION = YES;
				CLANG_WARN_OBJC_ROOT_CLASS = YES_ERROR;
				CLANG_WARN_SUSPICIOUS_MOVES = YES;
				CLANG_WARN_UNREACHABLE_CODE = YES;
				CLANG_WARN__DUPLICATE_METHOD_MATCH = YES;
				"CODE_SIGN_IDENTITY[sdk=iphoneos*]" = "iPhone Developer";
				COPY_PHASE_STRIP = NO;
				DEBUG_INFORMATION_FORMAT = dwarf;
				ENABLE_STRICT_OBJC_MSGSEND = YES;
				ENABLE_TESTABILITY = YES;
				GCC_C_LANGUAGE_STANDARD = gnu99;
				GCC_DYNAMIC_NO_PIC = NO;
				GCC_NO_COMMON_BLOCKS = YES;
				GCC_OPTIMIZATION_LEVEL = 0;
				GCC_PREPROCESSOR_DEFINITIONS = (
					"DEBUG=1",
					"$(inherited)",
				);
				GCC_WARN_64_TO_32_BIT_CONVERSION = YES;
				GCC_WARN_ABOUT_RETURN_TYPE = YES_ERROR;
				GCC_WARN_UNDECLARED_SELECTOR = YES;
				GCC_WARN_UNINITIALIZED_AUTOS = YES_AGGRESSIVE;
				GCC_WARN_UNUSED_FUNCTION = YES;
				GCC_WARN_UNUSED_VARIABLE = YES;
				IPHONEOS_DEPLOYMENT_TARGET = 10.0;
				MTL_ENABLE_DEBUG_INFO = YES;
				ONLY_ACTIVE_ARCH = YES;
				SDKROOT = iphoneos;
				SWIFT_ACTIVE_COMPILATION_CONDITIONS = DEBUG;
				SWIFT_OPTIMIZATION_LEVEL = "-Onone";
			};
			name = Debug;
		};
		A66ED30D1D8E7773003105FC /* Release */ = {
			isa = XCBuildConfiguration;
			buildSettings = {
				ALWAYS_SEARCH_USER_PATHS = NO;
				CLANG_ANALYZER_NONNULL = YES;
				CLANG_CXX_LANGUAGE_STANDARD = "gnu++0x";
				CLANG_CXX_LIBRARY = "libc++";
				CLANG_ENABLE_MODULES = YES;
				CLANG_ENABLE_OBJC_ARC = YES;
				CLANG_WARN_BOOL_CONVERSION = YES;
				CLANG_WARN_CONSTANT_CONVERSION = YES;
				CLANG_WARN_DIRECT_OBJC_ISA_USAGE = YES_ERROR;
				CLANG_WARN_DOCUMENTATION_COMMENTS = YES;
				CLANG_WARN_EMPTY_BODY = YES;
				CLANG_WARN_ENUM_CONVERSION = YES;
				CLANG_WARN_INFINITE_RECURSION = YES;
				CLANG_WARN_INT_CONVERSION = YES;
				CLANG_WARN_OBJC_ROOT_CLASS = YES_ERROR;
				CLANG_WARN_SUSPICIOUS_MOVES = YES;
				CLANG_WARN_UNREACHABLE_CODE = YES;
				CLANG_WARN__DUPLICATE_METHOD_MATCH = YES;
				"CODE_SIGN_IDENTITY[sdk=iphoneos*]" = "iPhone Developer";
				COPY_PHASE_STRIP = NO;
				DEBUG_INFORMATION_FORMAT = "dwarf-with-dsym";
				ENABLE_NS_ASSERTIONS = NO;
				ENABLE_STRICT_OBJC_MSGSEND = YES;
				GCC_C_LANGUAGE_STANDARD = gnu99;
				GCC_NO_COMMON_BLOCKS = YES;
				GCC_WARN_64_TO_32_BIT_CONVERSION = YES;
				GCC_WARN_ABOUT_RETURN_TYPE = YES_ERROR;
				GCC_WARN_UNDECLARED_SELECTOR = YES;
				GCC_WARN_UNINITIALIZED_AUTOS = YES_AGGRESSIVE;
				GCC_WARN_UNUSED_FUNCTION = YES;
				GCC_WARN_UNUSED_VARIABLE = YES;
				IPHONEOS_DEPLOYMENT_TARGET = 10.0;
				MTL_ENABLE_DEBUG_INFO = NO;
				SDKROOT = iphoneos;
				SWIFT_OPTIMIZATION_LEVEL = "-Owholemodule";
				VALIDATE_PRODUCT = YES;
			};
			name = Release;
		};
		A66ED30F1D8E7773003105FC /* Debug */ = {
			isa = XCBuildConfiguration;
			buildSettings = {
				ASSETCATALOG_COMPILER_APPICON_NAME = AppIcon;
				DEVELOPMENT_TEAM = 3ZG7RQH8M7;
				INFOPLIST_FILE = "swift-owner/Info.plist";
				IPHONEOS_DEPLOYMENT_TARGET = 9.0;
				LD_RUNPATH_SEARCH_PATHS = "$(inherited) @executable_path/Frameworks";
				PRODUCT_BUNDLE_IDENTIFIER = "sen.swift-owner";
				PRODUCT_NAME = "$(TARGET_NAME)";
				SWIFT_VERSION = 3.0;
			};
			name = Debug;
		};
		A66ED3101D8E7773003105FC /* Release */ = {
			isa = XCBuildConfiguration;
			buildSettings = {
				ASSETCATALOG_COMPILER_APPICON_NAME = AppIcon;
				DEVELOPMENT_TEAM = 3ZG7RQH8M7;
				INFOPLIST_FILE = "swift-owner/Info.plist";
				IPHONEOS_DEPLOYMENT_TARGET = 9.0;
				LD_RUNPATH_SEARCH_PATHS = "$(inherited) @executable_path/Frameworks";
				PRODUCT_BUNDLE_IDENTIFIER = "sen.swift-owner";
				PRODUCT_NAME = "$(TARGET_NAME)";
				SWIFT_VERSION = 3.0;
			};
			name = Release;
		};
		A66ED3121D8E7773003105FC /* Debug */ = {
			isa = XCBuildConfiguration;
			buildSettings = {
				ALWAYS_EMBED_SWIFT_STANDARD_LIBRARIES = YES;
				BUNDLE_LOADER = "$(TEST_HOST)";
				INFOPLIST_FILE = "swift-ownerTests/Info.plist";
				LD_RUNPATH_SEARCH_PATHS = "$(inherited) @executable_path/Frameworks @loader_path/Frameworks";
				PRODUCT_BUNDLE_IDENTIFIER = "sen.swift-ownerTests";
				PRODUCT_NAME = "$(TARGET_NAME)";
				SWIFT_VERSION = 3.0;
				TEST_HOST = "$(BUILT_PRODUCTS_DIR)/swift-owner.app/swift-owner";
			};
			name = Debug;
		};
		A66ED3131D8E7773003105FC /* Release */ = {
			isa = XCBuildConfiguration;
			buildSettings = {
				ALWAYS_EMBED_SWIFT_STANDARD_LIBRARIES = YES;
				BUNDLE_LOADER = "$(TEST_HOST)";
				INFOPLIST_FILE = "swift-ownerTests/Info.plist";
				LD_RUNPATH_SEARCH_PATHS = "$(inherited) @executable_path/Frameworks @loader_path/Frameworks";
				PRODUCT_BUNDLE_IDENTIFIER = "sen.swift-ownerTests";
				PRODUCT_NAME = "$(TARGET_NAME)";
				SWIFT_VERSION = 3.0;
				TEST_HOST = "$(BUILT_PRODUCTS_DIR)/swift-owner.app/swift-owner";
			};
			name = Release;
		};
		A66ED3151D8E7773003105FC /* Debug */ = {
			isa = XCBuildConfiguration;
			buildSettings = {
				ALWAYS_EMBED_SWIFT_STANDARD_LIBRARIES = YES;
				INFOPLIST_FILE = "swift-ownerUITests/Info.plist";
				LD_RUNPATH_SEARCH_PATHS = "$(inherited) @executable_path/Frameworks @loader_path/Frameworks";
				PRODUCT_BUNDLE_IDENTIFIER = "sen.swift-ownerUITests";
				PRODUCT_NAME = "$(TARGET_NAME)";
				SWIFT_VERSION = 3.0;
				TEST_TARGET_NAME = "swift-owner";
			};
			name = Debug;
		};
		A66ED3161D8E7773003105FC /* Release */ = {
			isa = XCBuildConfiguration;
			buildSettings = {
				ALWAYS_EMBED_SWIFT_STANDARD_LIBRARIES = YES;
				INFOPLIST_FILE = "swift-ownerUITests/Info.plist";
				LD_RUNPATH_SEARCH_PATHS = "$(inherited) @executable_path/Frameworks @loader_path/Frameworks";
				PRODUCT_BUNDLE_IDENTIFIER = "sen.swift-ownerUITests";
				PRODUCT_NAME = "$(TARGET_NAME)";
				SWIFT_VERSION = 3.0;
				TEST_TARGET_NAME = "swift-owner";
			};
			name = Release;
		};
/* End XCBuildConfiguration section */

/* Begin XCConfigurationList section */
		A66ED2E11D8E7773003105FC /* Build configuration list for PBXProject "swift-owner" */ = {
			isa = XCConfigurationList;
			buildConfigurations = (
				A66ED30C1D8E7773003105FC /* Debug */,
				A66ED30D1D8E7773003105FC /* Release */,
			);
			defaultConfigurationIsVisible = 0;
			defaultConfigurationName = Release;
		};
		A66ED30E1D8E7773003105FC /* Build configuration list for PBXNativeTarget "swift-owner" */ = {
			isa = XCConfigurationList;
			buildConfigurations = (
				A66ED30F1D8E7773003105FC /* Debug */,
				A66ED3101D8E7773003105FC /* Release */,
			);
			defaultConfigurationIsVisible = 0;
			defaultConfigurationName = Release;
		};
		A66ED3111D8E7773003105FC /* Build configuration list for PBXNativeTarget "swift-ownerTests" */ = {
			isa = XCConfigurationList;
			buildConfigurations = (
				A66ED3121D8E7773003105FC /* Debug */,
				A66ED3131D8E7773003105FC /* Release */,
			);
			defaultConfigurationIsVisible = 0;
			defaultConfigurationName = Release;
		};
		A66ED3141D8E7773003105FC /* Build configuration list for PBXNativeTarget "swift-ownerUITests" */ = {
			isa = XCConfigurationList;
			buildConfigurations = (
				A66ED3151D8E7773003105FC /* Debug */,
				A66ED3161D8E7773003105FC /* Release */,
			);
			defaultConfigurationIsVisible = 0;
			defaultConfigurationName = Release;
		};
/* End XCConfigurationList section */
	};
	rootObject = A66ED2DE1D8E7773003105FC /* Project object */;
}
